
Microsoft Visual Studio Solution File, Format Version 12.00
# Visual Studio Version 16
VisualStudioVersion = 25.0.1703.0
MinimumVisualStudioVersion = 10.0.40219.1
Project("{FAE04EC0-301F-11D3-BF4B-00C04F79EFBC}") = "Hydra", "Hydra\Hydra.csproj", "{D1C9D345-BA7F-4A15-969E-0A3FA1047205}"
EndProject
Global
	GlobalSection(SolutionConfigurationPlatforms) = preSolution
		Debug|Any CPU = Debug|Any CPU
		Release|Any CPU = Release|Any CPU
	EndGlobalSection
	GlobalSection(ProjectConfigurationPlatforms) = postSolution
		{D1C9D345-BA7F-4A15-969E-0A3FA1047205}.Debug|Any CPU.ActiveCfg = Debug|Any CPU
		{D1C9D345-BA7F-4A15-969E-0A3FA1047205}.Debug|Any CPU.Build.0 = Debug|Any CPU
		{D1C9D345-BA7F-4A15-969E-0A3FA1047205}.Release|Any CPU.ActiveCfg = Release|Any CPU
		{D1C9D345-BA7F-4A15-969E-0A3FA1047205}.Release|Any CPU.Build.0 = Release|Any CPU
	EndGlobalSection
	GlobalSection(SolutionProperties) = preSolution
		HideSolutionNode = FALSE
	EndGlobalSection
	GlobalSection(ExtensibilityGlobals) = postSolution
		SolutionGuid = {AB26CE9B-30A2-485E-B392-5A3833435773}
	EndGlobalSection
EndGlobal
